
Microsoft Visual Studio Solution File, Format Version 12.00
# Visual Studio 2013
Project("{FAE04EC0-301F-11D3-BF4B-00C04F79EFBC}") = "UnityVS.HeroicBatle.CSharp", "UnityVS.HeroicBatle.CSharp.csproj", "{514D7A9E-9D8B-F715-43A5-B7478D76E8F0}"
EndProject
Project("{FAE04EC0-301F-11D3-BF4B-00C04F79EFBC}") = "UnityVS.HeroicBatle.CSharp.Plugins", "UnityVS.HeroicBatle.CSharp.Plugins.csproj", "{64AC03EA-C8B2-D75C-A04C-4B068B80F47A}"
EndProject
Project("{FAE04EC0-301F-11D3-BF4B-00C04F79EFBC}") = "UnityVS.HeroicBatle.CSharp.Editor", "UnityVS.HeroicBatle.CSharp.Editor.csproj", "{547B072A-9CFA-6FF9-95C8-8FB25AA6688E}"
EndProject
Global
	GlobalSection(SolutionConfigurationPlatforms) = preSolution
		Debug|Any CPU = Debug|Any CPU
		Release|Any CPU = Release|Any CPU
	EndGlobalSection
	GlobalSection(ProjectConfigurationPlatforms) = postSolution
		{514D7A9E-9D8B-F715-43A5-B7478D76E8F0}.Debug|Any CPU.ActiveCfg = Debug|Any CPU
		{514D7A9E-9D8B-F715-43A5-B7478D76E8F0}.Debug|Any CPU.Build.0 = Debug|Any CPU
		{514D7A9E-9D8B-F715-43A5-B7478D76E8F0}.Release|Any CPU.ActiveCfg = Release|Any CPU
		{514D7A9E-9D8B-F715-43A5-B7478D76E8F0}.Release|Any CPU.Build.0 = Release|Any CPU
		{64AC03EA-C8B2-D75C-A04C-4B068B80F47A}.Debug|Any CPU.ActiveCfg = Debug|Any CPU
		{64AC03EA-C8B2-D75C-A04C-4B068B80F47A}.Debug|Any CPU.Build.0 = Debug|Any CPU
		{64AC03EA-C8B2-D75C-A04C-4B068B80F47A}.Release|Any CPU.ActiveCfg = Release|Any CPU
		{64AC03EA-C8B2-D75C-A04C-4B068B80F47A}.Release|Any CPU.Build.0 = Release|Any CPU
		{547B072A-9CFA-6FF9-95C8-8FB25AA6688E}.Debug|Any CPU.ActiveCfg = Debug|Any CPU
		{547B072A-9CFA-6FF9-95C8-8FB25AA6688E}.Debug|Any CPU.Build.0 = Debug|Any CPU
		{547B072A-9CFA-6FF9-95C8-8FB25AA6688E}.Release|Any CPU.ActiveCfg = Release|Any CPU
		{547B072A-9CFA-6FF9-95C8-8FB25AA6688E}.Release|Any CPU.Build.0 = Release|Any CPU
	EndGlobalSection
	GlobalSection(SolutionProperties) = preSolution
		HideSolutionNode = FALSE
	EndGlobalSection
EndGlobal
